
Microsoft Visual Studio Solution File, Format Version 12.00
# Visual Studio 14
VisualStudioVersion = 14.0.25420.1
MinimumVisualStudioVersion = 10.0.40219.1
Project("{FAE04EC0-301F-11D3-BF4B-00C04F79EFBC}") = "ArithmeticTree", "ArithmeticTree.csproj", "{D9C8FB1B-14EF-47DE-9A47-4F1F4A504B12}"
EndProject
Project("{7CF6DF6D-3B04-46F8-A40B-537D21BCA0B4}") = "Documentation", "..\Documentation\Documentation.shfbproj", "{A4C968C2-A1C4-4E6A-8C69-0FB7A8260E97}"
EndProject
Global
	GlobalSection(SolutionConfigurationPlatforms) = preSolution
		Debug|Any CPU = Debug|Any CPU
		Release|Any CPU = Release|Any CPU
	EndGlobalSection
	GlobalSection(ProjectConfigurationPlatforms) = postSolution
		{D9C8FB1B-14EF-47DE-9A47-4F1F4A504B12}.Debug|Any CPU.ActiveCfg = Debug|Any CPU
		{D9C8FB1B-14EF-47DE-9A47-4F1F4A504B12}.Debug|Any CPU.Build.0 = Debug|Any CPU
		{D9C8FB1B-14EF-47DE-9A47-4F1F4A504B12}.Release|Any CPU.ActiveCfg = Release|Any CPU
		{D9C8FB1B-14EF-47DE-9A47-4F1F4A504B12}.Release|Any CPU.Build.0 = Release|Any CPU
		{A4C968C2-A1C4-4E6A-8C69-0FB7A8260E97}.Debug|Any CPU.ActiveCfg = Debug|Any CPU
		{A4C968C2-A1C4-4E6A-8C69-0FB7A8260E97}.Debug|Any CPU.Build.0 = Debug|Any CPU
		{A4C968C2-A1C4-4E6A-8C69-0FB7A8260E97}.Release|Any CPU.ActiveCfg = Release|Any CPU
		{A4C968C2-A1C4-4E6A-8C69-0FB7A8260E97}.Release|Any CPU.Build.0 = Release|Any CPU
	EndGlobalSection
	GlobalSection(SolutionProperties) = preSolution
		HideSolutionNode = FALSE
	EndGlobalSection
EndGlobal
